
Microsoft Visual Studio Solution File, Format Version 12.00
# Visual Studio 15
VisualStudioVersion = 15.0.26228.9
MinimumVisualStudioVersion = 10.0.40219.1
Project("{FAE04EC0-301F-11D3-BF4B-00C04F79EFBC}") = "GenlibWin", "GenlibWin\GenlibWin.csproj", "{0AD1D4F9-4B83-4013-B4B5-7C7C205711CE}"
EndProject
Project("{FAE04EC0-301F-11D3-BF4B-00C04F79EFBC}") = "UnitTest", "UnitTest\UnitTest.csproj", "{74D9B91B-24B0-4AD5-84FF-F9C8014632AB}"
	ProjectSection(ProjectDependencies) = postProject
		{0AD1D4F9-4B83-4013-B4B5-7C7C205711CE} = {0AD1D4F9-4B83-4013-B4B5-7C7C205711CE}
	EndProjectSection
EndProject
Project("{9A19103F-16F7-4668-BE54-9A1E7A4F7556}") = "UnitTestCore", "UnitTestCore\UnitTestCore.csproj", "{DD9FD192-6FEA-44AA-B76B-3A2C5C0680F7}"
EndProject
Project("{9A19103F-16F7-4668-BE54-9A1E7A4F7556}") = "Genlib", "Genlib\Genlib.csproj", "{CDF13F6C-4901-46C1-9759-CE5AF0C89598}"
EndProject
Global
	GlobalSection(SolutionConfigurationPlatforms) = preSolution
		Debug|Any CPU = Debug|Any CPU
		Debug|x64 = Debug|x64
		Debug|x86 = Debug|x86
		Release|Any CPU = Release|Any CPU
		Release|x64 = Release|x64
		Release|x86 = Release|x86
	EndGlobalSection
	GlobalSection(ProjectConfigurationPlatforms) = postSolution
		{0AD1D4F9-4B83-4013-B4B5-7C7C205711CE}.Debug|Any CPU.ActiveCfg = Debug|Any CPU
		{0AD1D4F9-4B83-4013-B4B5-7C7C205711CE}.Debug|Any CPU.Build.0 = Debug|Any CPU
		{0AD1D4F9-4B83-4013-B4B5-7C7C205711CE}.Debug|x64.ActiveCfg = Debug|Any CPU
		{0AD1D4F9-4B83-4013-B4B5-7C7C205711CE}.Debug|x64.Build.0 = Debug|Any CPU
		{0AD1D4F9-4B83-4013-B4B5-7C7C205711CE}.Debug|x86.ActiveCfg = Debug|Any CPU
		{0AD1D4F9-4B83-4013-B4B5-7C7C205711CE}.Debug|x86.Build.0 = Debug|Any CPU
		{0AD1D4F9-4B83-4013-B4B5-7C7C205711CE}.Release|Any CPU.ActiveCfg = Release|Any CPU
		{0AD1D4F9-4B83-4013-B4B5-7C7C205711CE}.Release|Any CPU.Build.0 = Release|Any CPU
		{0AD1D4F9-4B83-4013-B4B5-7C7C205711CE}.Release|x64.ActiveCfg = Release|Any CPU
		{0AD1D4F9-4B83-4013-B4B5-7C7C205711CE}.Release|x64.Build.0 = Release|Any CPU
		{0AD1D4F9-4B83-4013-B4B5-7C7C205711CE}.Release|x86.ActiveCfg = Release|Any CPU
		{0AD1D4F9-4B83-4013-B4B5-7C7C205711CE}.Release|x86.Build.0 = Release|Any CPU
		{74D9B91B-24B0-4AD5-84FF-F9C8014632AB}.Debug|Any CPU.ActiveCfg = Debug|Any CPU
		{74D9B91B-24B0-4AD5-84FF-F9C8014632AB}.Debug|Any CPU.Build.0 = Debug|Any CPU
		{74D9B91B-24B0-4AD5-84FF-F9C8014632AB}.Debug|x64.ActiveCfg = Debug|Any CPU
		{74D9B91B-24B0-4AD5-84FF-F9C8014632AB}.Debug|x64.Build.0 = Debug|Any CPU
		{74D9B91B-24B0-4AD5-84FF-F9C8014632AB}.Debug|x86.ActiveCfg = Debug|Any CPU
		{74D9B91B-24B0-4AD5-84FF-F9C8014632AB}.Debug|x86.Build.0 = Debug|Any CPU
		{74D9B91B-24B0-4AD5-84FF-F9C8014632AB}.Release|Any CPU.ActiveCfg = Release|Any CPU
		{74D9B91B-24B0-4AD5-84FF-F9C8014632AB}.Release|Any CPU.Build.0 = Release|Any CPU
		{74D9B91B-24B0-4AD5-84FF-F9C8014632AB}.Release|x64.ActiveCfg = Release|Any CPU
		{74D9B91B-24B0-4AD5-84FF-F9C8014632AB}.Release|x64.Build.0 = Release|Any CPU
		{74D9B91B-24B0-4AD5-84FF-F9C8014632AB}.Release|x86.ActiveCfg = Release|Any CPU
		{74D9B91B-24B0-4AD5-84FF-F9C8014632AB}.Release|x86.Build.0 = Release|Any CPU
		{DD9FD192-6FEA-44AA-B76B-3A2C5C0680F7}.Debug|Any CPU.ActiveCfg = Debug|Any CPU
		{DD9FD192-6FEA-44AA-B76B-3A2C5C0680F7}.Debug|Any CPU.Build.0 = Debug|Any CPU
		{DD9FD192-6FEA-44AA-B76B-3A2C5C0680F7}.Debug|x64.ActiveCfg = Debug|Any CPU
		{DD9FD192-6FEA-44AA-B76B-3A2C5C0680F7}.Debug|x64.Build.0 = Debug|Any CPU
		{DD9FD192-6FEA-44AA-B76B-3A2C5C0680F7}.Debug|x86.ActiveCfg = Debug|Any CPU
		{DD9FD192-6FEA-44AA-B76B-3A2C5C0680F7}.Debug|x86.Build.0 = Debug|Any CPU
		{DD9FD192-6FEA-44AA-B76B-3A2C5C0680F7}.Release|Any CPU.ActiveCfg = Release|Any CPU
		{DD9FD192-6FEA-44AA-B76B-3A2C5C0680F7}.Release|Any CPU.Build.0 = Release|Any CPU
		{DD9FD192-6FEA-44AA-B76B-3A2C5C0680F7}.Release|x64.ActiveCfg = Release|Any CPU
		{DD9FD192-6FEA-44AA-B76B-3A2C5C0680F7}.Release|x64.Build.0 = Release|Any CPU
		{DD9FD192-6FEA-44AA-B76B-3A2C5C0680F7}.Release|x86.ActiveCfg = Release|Any CPU
		{DD9FD192-6FEA-44AA-B76B-3A2C5C0680F7}.Release|x86.Build.0 = Release|Any CPU
		{CDF13F6C-4901-46C1-9759-CE5AF0C89598}.Debug|Any CPU.ActiveCfg = Debug|Any CPU
		{CDF13F6C-4901-46C1-9759-CE5AF0C89598}.Debug|Any CPU.Build.0 = Debug|Any CPU
		{CDF13F6C-4901-46C1-9759-CE5AF0C89598}.Debug|x64.ActiveCfg = Debug|Any CPU
		{CDF13F6C-4901-46C1-9759-CE5AF0C89598}.Debug|x64.Build.0 = Debug|Any CPU
		{CDF13F6C-4901-46C1-9759-CE5AF0C89598}.Debug|x86.ActiveCfg = Debug|Any CPU
		{CDF13F6C-4901-46C1-9759-CE5AF0C89598}.Debug|x86.Build.0 = Debug|Any CPU
		{CDF13F6C-4901-46C1-9759-CE5AF0C89598}.Release|Any CPU.ActiveCfg = Release|Any CPU
		{CDF13F6C-4901-46C1-9759-CE5AF0C89598}.Release|Any CPU.Build.0 = Release|Any CPU
		{CDF13F6C-4901-46C1-9759-CE5AF0C89598}.Release|x64.ActiveCfg = Release|Any CPU
		{CDF13F6C-4901-46C1-9759-CE5AF0C89598}.Release|x64.Build.0 = Release|Any CPU
		{CDF13F6C-4901-46C1-9759-CE5AF0C89598}.Release|x86.ActiveCfg = Release|Any CPU
		{CDF13F6C-4901-46C1-9759-CE5AF0C89598}.Release|x86.Build.0 = Release|Any CPU
	EndGlobalSection
	GlobalSection(SolutionProperties) = preSolution
		HideSolutionNode = FALSE
	EndGlobalSection
EndGlobal
